
Microsoft Visual Studio Solution File, Format Version 11.00
# Visual Studio 2010
Project("{FAE04EC0-301F-11D3-BF4B-00C04F79EFBC}") = "WatchErrorsTest", "WatchErrors\WatchErrorsTest.csproj", "{494DA8A4-58BB-408B-AF08-C2F74BA4E45B}"
EndProject
Project("{FAE04EC0-301F-11D3-BF4B-00C04F79EFBC}") = "Vigilant", "Vigilant\Vigilant.csproj", "{F6FE09B8-2D53-4A23-BA2B-B199B1405A9F}"
EndProject
Global
	GlobalSection(SolutionConfigurationPlatforms) = preSolution
		Debug|Any CPU = Debug|Any CPU
		Debug|Mixed Platforms = Debug|Mixed Platforms
		Debug|x86 = Debug|x86
		Release|Any CPU = Release|Any CPU
		Release|Mixed Platforms = Release|Mixed Platforms
		Release|x86 = Release|x86
	EndGlobalSection
	GlobalSection(ProjectConfigurationPlatforms) = postSolution
		{494DA8A4-58BB-408B-AF08-C2F74BA4E45B}.Debug|Any CPU.ActiveCfg = Debug|Any CPU
		{494DA8A4-58BB-408B-AF08-C2F74BA4E45B}.Debug|Any CPU.Build.0 = Debug|Any CPU
		{494DA8A4-58BB-408B-AF08-C2F74BA4E45B}.Debug|Mixed Platforms.ActiveCfg = Debug|Any CPU
		{494DA8A4-58BB-408B-AF08-C2F74BA4E45B}.Debug|Mixed Platforms.Build.0 = Debug|Any CPU
		{494DA8A4-58BB-408B-AF08-C2F74BA4E45B}.Debug|x86.ActiveCfg = Debug|Any CPU
		{494DA8A4-58BB-408B-AF08-C2F74BA4E45B}.Release|Any CPU.ActiveCfg = Release|Any CPU
		{494DA8A4-58BB-408B-AF08-C2F74BA4E45B}.Release|Any CPU.Build.0 = Release|Any CPU
		{494DA8A4-58BB-408B-AF08-C2F74BA4E45B}.Release|Mixed Platforms.ActiveCfg = Release|Any CPU
		{494DA8A4-58BB-408B-AF08-C2F74BA4E45B}.Release|Mixed Platforms.Build.0 = Release|Any CPU
		{494DA8A4-58BB-408B-AF08-C2F74BA4E45B}.Release|x86.ActiveCfg = Release|Any CPU
		{F6FE09B8-2D53-4A23-BA2B-B199B1405A9F}.Debug|Any CPU.ActiveCfg = Debug|x86
		{F6FE09B8-2D53-4A23-BA2B-B199B1405A9F}.Debug|Mixed Platforms.ActiveCfg = Debug|x86
		{F6FE09B8-2D53-4A23-BA2B-B199B1405A9F}.Debug|Mixed Platforms.Build.0 = Debug|x86
		{F6FE09B8-2D53-4A23-BA2B-B199B1405A9F}.Debug|x86.ActiveCfg = Debug|x86
		{F6FE09B8-2D53-4A23-BA2B-B199B1405A9F}.Debug|x86.Build.0 = Debug|x86
		{F6FE09B8-2D53-4A23-BA2B-B199B1405A9F}.Release|Any CPU.ActiveCfg = Release|x86
		{F6FE09B8-2D53-4A23-BA2B-B199B1405A9F}.Release|Mixed Platforms.ActiveCfg = Release|x86
		{F6FE09B8-2D53-4A23-BA2B-B199B1405A9F}.Release|Mixed Platforms.Build.0 = Release|x86
		{F6FE09B8-2D53-4A23-BA2B-B199B1405A9F}.Release|x86.ActiveCfg = Release|x86
		{F6FE09B8-2D53-4A23-BA2B-B199B1405A9F}.Release|x86.Build.0 = Release|x86
	EndGlobalSection
	GlobalSection(SolutionProperties) = preSolution
		HideSolutionNode = FALSE
	EndGlobalSection
EndGlobal
